
Microsoft Visual Studio Solution File, Format Version 12.00
# Visual Studio Version 17
VisualStudioVersion = 17.9.34728.123
MinimumVisualStudioVersion = 10.0.40219.1
Project("{FAE04EC0-301F-11D3-BF4B-00C04F79EFBC}") = "MonezyAPI", "MonezyAPI.csproj", "{A6C54D22-1109-4DD9-B203-E6C5AAC6BC2A}"
EndProject
Global
	GlobalSection(SolutionConfigurationPlatforms) = preSolution
		Debug|Any CPU = Debug|Any CPU
		Release|Any CPU = Release|Any CPU
	EndGlobalSection
	GlobalSection(ProjectConfigurationPlatforms) = postSolution
		{A6C54D22-1109-4DD9-B203-E6C5AAC6BC2A}.Debug|Any CPU.ActiveCfg = Debug|Any CPU
		{A6C54D22-1109-4DD9-B203-E6C5AAC6BC2A}.Debug|Any CPU.Build.0 = Debug|Any CPU
		{A6C54D22-1109-4DD9-B203-E6C5AAC6BC2A}.Release|Any CPU.ActiveCfg = Release|Any CPU
		{A6C54D22-1109-4DD9-B203-E6C5AAC6BC2A}.Release|Any CPU.Build.0 = Release|Any CPU
	EndGlobalSection
	GlobalSection(SolutionProperties) = preSolution
		HideSolutionNode = FALSE
	EndGlobalSection
	GlobalSection(ExtensibilityGlobals) = postSolution
		SolutionGuid = {C2222E35-5444-4C94-90D9-A9E85171F44F}
	EndGlobalSection
EndGlobal
